
Microsoft Visual Studio Solution File, Format Version 12.00
# Visual Studio 2012
Project("{FAE04EC0-301F-11D3-BF4B-00C04F79EFBC}") = "Çopk boyutlu dizi", "Çopk boyutlu dizi\Çopk boyutlu dizi.csproj", "{665392CF-BC7C-4EE0-B5B9-AB00C83639AA}"
EndProject
Global
	GlobalSection(SolutionConfigurationPlatforms) = preSolution
		Debug|Any CPU = Debug|Any CPU
		Release|Any CPU = Release|Any CPU
	EndGlobalSection
	GlobalSection(ProjectConfigurationPlatforms) = postSolution
		{665392CF-BC7C-4EE0-B5B9-AB00C83639AA}.Debug|Any CPU.ActiveCfg = Debug|Any CPU
		{665392CF-BC7C-4EE0-B5B9-AB00C83639AA}.Debug|Any CPU.Build.0 = Debug|Any CPU
		{665392CF-BC7C-4EE0-B5B9-AB00C83639AA}.Release|Any CPU.ActiveCfg = Release|Any CPU
		{665392CF-BC7C-4EE0-B5B9-AB00C83639AA}.Release|Any CPU.Build.0 = Release|Any CPU
	EndGlobalSection
	GlobalSection(SolutionProperties) = preSolution
		HideSolutionNode = FALSE
	EndGlobalSection
EndGlobal
